
Microsoft Visual Studio Solution File, Format Version 12.00
# Visual Studio Version 17
VisualStudioVersion = 17.0.31903.59
MinimumVisualStudioVersion = 10.0.40219.1
Project("{FAE04EC0-301F-11D3-BF4B-00C04F79EFBC}") = "GraphQL", "GraphQL\GraphQL.csproj", "{9738EB5F-FEB6-438F-8A72-CE0C6F18121D}"
EndProject
Project("{FAE04EC0-301F-11D3-BF4B-00C04F79EFBC}") = "GraphQL.Tests", "GraphQL.Tests\GraphQL.Tests.csproj", "{870B3B32-C67E-40EB-933A-430A6CB2B56D}"
EndProject
Global
	GlobalSection(SolutionConfigurationPlatforms) = preSolution
		Debug|Any CPU = Debug|Any CPU
		Release|Any CPU = Release|Any CPU
	EndGlobalSection
	GlobalSection(SolutionProperties) = preSolution
		HideSolutionNode = FALSE
	EndGlobalSection
	GlobalSection(ProjectConfigurationPlatforms) = postSolution
		{9738EB5F-FEB6-438F-8A72-CE0C6F18121D}.Debug|Any CPU.ActiveCfg = Debug|Any CPU
		{9738EB5F-FEB6-438F-8A72-CE0C6F18121D}.Debug|Any CPU.Build.0 = Debug|Any CPU
		{9738EB5F-FEB6-438F-8A72-CE0C6F18121D}.Release|Any CPU.ActiveCfg = Release|Any CPU
		{9738EB5F-FEB6-438F-8A72-CE0C6F18121D}.Release|Any CPU.Build.0 = Release|Any CPU
		{870B3B32-C67E-40EB-933A-430A6CB2B56D}.Debug|Any CPU.ActiveCfg = Debug|Any CPU
		{870B3B32-C67E-40EB-933A-430A6CB2B56D}.Debug|Any CPU.Build.0 = Debug|Any CPU
		{870B3B32-C67E-40EB-933A-430A6CB2B56D}.Release|Any CPU.ActiveCfg = Release|Any CPU
		{870B3B32-C67E-40EB-933A-430A6CB2B56D}.Release|Any CPU.Build.0 = Release|Any CPU
	EndGlobalSection
EndGlobal
